
Microsoft Visual Studio Solution File, Format Version 12.00
# Visual Studio Version 17
VisualStudioVersion = 17.4.33122.133
MinimumVisualStudioVersion = 10.0.40219.1
Project("{FAE04EC0-301F-11D3-BF4B-00C04F79EFBC}") = "z1", "z1\z1.csproj", "{E4D2622F-10A7-4AAB-9817-E6DC661338A0}"
EndProject
Project("{FAE04EC0-301F-11D3-BF4B-00C04F79EFBC}") = "z2", "z2\z2.csproj", "{8D949F12-D410-41F8-A3CE-35B2CE323B2E}"
EndProject
Global
	GlobalSection(SolutionConfigurationPlatforms) = preSolution
		Debug|Any CPU = Debug|Any CPU
		Release|Any CPU = Release|Any CPU
	EndGlobalSection
	GlobalSection(ProjectConfigurationPlatforms) = postSolution
		{E4D2622F-10A7-4AAB-9817-E6DC661338A0}.Debug|Any CPU.ActiveCfg = Debug|Any CPU
		{E4D2622F-10A7-4AAB-9817-E6DC661338A0}.Debug|Any CPU.Build.0 = Debug|Any CPU
		{E4D2622F-10A7-4AAB-9817-E6DC661338A0}.Release|Any CPU.ActiveCfg = Release|Any CPU
		{E4D2622F-10A7-4AAB-9817-E6DC661338A0}.Release|Any CPU.Build.0 = Release|Any CPU
		{8D949F12-D410-41F8-A3CE-35B2CE323B2E}.Debug|Any CPU.ActiveCfg = Debug|Any CPU
		{8D949F12-D410-41F8-A3CE-35B2CE323B2E}.Debug|Any CPU.Build.0 = Debug|Any CPU
		{8D949F12-D410-41F8-A3CE-35B2CE323B2E}.Release|Any CPU.ActiveCfg = Release|Any CPU
		{8D949F12-D410-41F8-A3CE-35B2CE323B2E}.Release|Any CPU.Build.0 = Release|Any CPU
	EndGlobalSection
	GlobalSection(SolutionProperties) = preSolution
		HideSolutionNode = FALSE
	EndGlobalSection
	GlobalSection(ExtensibilityGlobals) = postSolution
		SolutionGuid = {AFA569DE-AD6D-4E75-980D-566D2E7E5D83}
	EndGlobalSection
EndGlobal
